
Microsoft Visual Studio Solution File, Format Version 12.00
# Visual Studio 15
VisualStudioVersion = 15.0.28010.2046
MinimumVisualStudioVersion = 10.0.40219.1
Project("{FAE04EC0-301F-11D3-BF4B-00C04F79EFBC}") = "CustomListmk2", "CustomListmk2\CustomListmk2.csproj", "{EC90D15F-F4E0-4FC2-B761-59E68278A9AF}"
EndProject
Project("{FAE04EC0-301F-11D3-BF4B-00C04F79EFBC}") = "UnitTestProject1", "UnitTestProject1\UnitTestProject1.csproj", "{2F1E5FE3-D004-4E11-ADFF-EB2BBAEE3302}"
EndProject
Global
	GlobalSection(SolutionConfigurationPlatforms) = preSolution
		Debug|Any CPU = Debug|Any CPU
		Release|Any CPU = Release|Any CPU
	EndGlobalSection
	GlobalSection(ProjectConfigurationPlatforms) = postSolution
		{EC90D15F-F4E0-4FC2-B761-59E68278A9AF}.Debug|Any CPU.ActiveCfg = Debug|Any CPU
		{EC90D15F-F4E0-4FC2-B761-59E68278A9AF}.Debug|Any CPU.Build.0 = Debug|Any CPU
		{EC90D15F-F4E0-4FC2-B761-59E68278A9AF}.Release|Any CPU.ActiveCfg = Release|Any CPU
		{EC90D15F-F4E0-4FC2-B761-59E68278A9AF}.Release|Any CPU.Build.0 = Release|Any CPU
		{2F1E5FE3-D004-4E11-ADFF-EB2BBAEE3302}.Debug|Any CPU.ActiveCfg = Debug|Any CPU
		{2F1E5FE3-D004-4E11-ADFF-EB2BBAEE3302}.Debug|Any CPU.Build.0 = Debug|Any CPU
		{2F1E5FE3-D004-4E11-ADFF-EB2BBAEE3302}.Release|Any CPU.ActiveCfg = Release|Any CPU
		{2F1E5FE3-D004-4E11-ADFF-EB2BBAEE3302}.Release|Any CPU.Build.0 = Release|Any CPU
	EndGlobalSection
	GlobalSection(SolutionProperties) = preSolution
		HideSolutionNode = FALSE
	EndGlobalSection
	GlobalSection(ExtensibilityGlobals) = postSolution
		SolutionGuid = {C38B80D3-8CE1-42F6-AAC9-1C68D1E850DA}
	EndGlobalSection
EndGlobal
